
Microsoft Visual Studio Solution File, Format Version 12.00
# Visual Studio Version 16
VisualStudioVersion = 16.0.30114.105
MinimumVisualStudioVersion = 10.0.40219.1
Project("{FAE04EC0-301F-11D3-BF4B-00C04F79EFBC}") = "ustora.Common", "uStora.Common\ustora.Common.csproj", "{0DFE4BE0-BA36-44FA-862F-3498A973638B}"
EndProject
Project("{FAE04EC0-301F-11D3-BF4B-00C04F79EFBC}") = "ustora.Data", "uStora.Data\ustora.Data.csproj", "{62E44A07-9B2D-4AFF-AA4F-3734C33C08AA}"
EndProject
Project("{FAE04EC0-301F-11D3-BF4B-00C04F79EFBC}") = "ustora.Model", "uStora.Model\ustora.Model.csproj", "{C6CC56E5-1D98-4F7C-9726-F4C4A1BE901A}"
EndProject
Project("{FAE04EC0-301F-11D3-BF4B-00C04F79EFBC}") = "ustora.Service", "uStora.Service\ustora.Service.csproj", "{29093B10-B51B-4482-8BF8-B5A6A9F65FFF}"
EndProject
Project("{FAE04EC0-301F-11D3-BF4B-00C04F79EFBC}") = "ustora.Web", "uStora.Web\ustora.Web.csproj", "{D5AD7519-8778-488C-9668-04BF3C18D778}"
EndProject
Global
	GlobalSection(SolutionConfigurationPlatforms) = preSolution
		Debug|Any CPU = Debug|Any CPU
		Release|Any CPU = Release|Any CPU
	EndGlobalSection
	GlobalSection(ProjectConfigurationPlatforms) = postSolution
		{0DFE4BE0-BA36-44FA-862F-3498A973638B}.Debug|Any CPU.ActiveCfg = Debug|Any CPU
		{0DFE4BE0-BA36-44FA-862F-3498A973638B}.Debug|Any CPU.Build.0 = Debug|Any CPU
		{0DFE4BE0-BA36-44FA-862F-3498A973638B}.Release|Any CPU.ActiveCfg = Release|Any CPU
		{0DFE4BE0-BA36-44FA-862F-3498A973638B}.Release|Any CPU.Build.0 = Release|Any CPU
		{62E44A07-9B2D-4AFF-AA4F-3734C33C08AA}.Debug|Any CPU.ActiveCfg = Debug|Any CPU
		{62E44A07-9B2D-4AFF-AA4F-3734C33C08AA}.Debug|Any CPU.Build.0 = Debug|Any CPU
		{62E44A07-9B2D-4AFF-AA4F-3734C33C08AA}.Release|Any CPU.ActiveCfg = Release|Any CPU
		{62E44A07-9B2D-4AFF-AA4F-3734C33C08AA}.Release|Any CPU.Build.0 = Release|Any CPU
		{C6CC56E5-1D98-4F7C-9726-F4C4A1BE901A}.Debug|Any CPU.ActiveCfg = Debug|Any CPU
		{C6CC56E5-1D98-4F7C-9726-F4C4A1BE901A}.Debug|Any CPU.Build.0 = Debug|Any CPU
		{C6CC56E5-1D98-4F7C-9726-F4C4A1BE901A}.Release|Any CPU.ActiveCfg = Release|Any CPU
		{C6CC56E5-1D98-4F7C-9726-F4C4A1BE901A}.Release|Any CPU.Build.0 = Release|Any CPU
		{29093B10-B51B-4482-8BF8-B5A6A9F65FFF}.Debug|Any CPU.ActiveCfg = Debug|Any CPU
		{29093B10-B51B-4482-8BF8-B5A6A9F65FFF}.Debug|Any CPU.Build.0 = Debug|Any CPU
		{29093B10-B51B-4482-8BF8-B5A6A9F65FFF}.Release|Any CPU.ActiveCfg = Release|Any CPU
		{29093B10-B51B-4482-8BF8-B5A6A9F65FFF}.Release|Any CPU.Build.0 = Release|Any CPU
		{D5AD7519-8778-488C-9668-04BF3C18D778}.Debug|Any CPU.ActiveCfg = Debug|Any CPU
		{D5AD7519-8778-488C-9668-04BF3C18D778}.Debug|Any CPU.Build.0 = Debug|Any CPU
		{D5AD7519-8778-488C-9668-04BF3C18D778}.Release|Any CPU.ActiveCfg = Release|Any CPU
		{D5AD7519-8778-488C-9668-04BF3C18D778}.Release|Any CPU.Build.0 = Release|Any CPU
	EndGlobalSection
	GlobalSection(SolutionProperties) = preSolution
		HideSolutionNode = FALSE
	EndGlobalSection
	GlobalSection(ExtensibilityGlobals) = postSolution
		SolutionGuid = {BAC4D4B5-CA42-480D-8E91-3255C5975AF0}
	EndGlobalSection
EndGlobal
